lockfileVersion: '6.0'

settings:
  autoInstallPeers: true
  excludeLinksFromLockfile: false

importers:

  .:
    dependencies:
      has-symbols:
        specifier: 1.0.0
        version: 1.0.0

  packages/a:
    dependencies:
      has-symbols:
        specifier: '*'
        version: 1.0.0

packages:

  /has-symbols@1.0.0:
    resolution: {integrity: sha512-QfcgWpH8qn5qhNMg3wfXf2FD/rSA4TwNiDDthKqXe7v6oBW0YKWcnfwMAApgWq9Lh+Yu+fQWVhHPohlD/S6uoQ==}
    engines: {node: '>= 0.4'}
    dev: false
